
Microsoft Visual Studio Solution File, Format Version 12.00
# Visual Studio 14
VisualStudioVersion = 14.0.25123.0
MinimumVisualStudioVersion = 10.0.40219.1
Project("{FAE04EC0-301F-11D3-BF4B-00C04F79EFBC}") = "hackathontrap", "hackathontrap.csproj", "{E819D6D9-0F35-4EE3-8ED3-B7C1629C4088}"
EndProject
Project("{FAE04EC0-301F-11D3-BF4B-00C04F79EFBC}") = "hackathontrap-receiver", "..\hackathontrap-receiver\hackathontrap-receiver.csproj", "{2F300818-6685-4DF7-9892-1DED7B9B545E}"
EndProject
Global
	GlobalSection(SolutionConfigurationPlatforms) = preSolution
		Debug|ARM = Debug|ARM
		Debug|x64 = Debug|x64
		Debug|x86 = Debug|x86
		Release|ARM = Release|ARM
		Release|x64 = Release|x64
		Release|x86 = Release|x86
	EndGlobalSection
	GlobalSection(ProjectConfigurationPlatforms) = postSolution
		{E819D6D9-0F35-4EE3-8ED3-B7C1629C4088}.Debug|ARM.ActiveCfg = Debug|ARM
		{E819D6D9-0F35-4EE3-8ED3-B7C1629C4088}.Debug|ARM.Build.0 = Debug|ARM
		{E819D6D9-0F35-4EE3-8ED3-B7C1629C4088}.Debug|ARM.Deploy.0 = Debug|ARM
		{E819D6D9-0F35-4EE3-8ED3-B7C1629C4088}.Debug|x64.ActiveCfg = Debug|x64
		{E819D6D9-0F35-4EE3-8ED3-B7C1629C4088}.Debug|x64.Build.0 = Debug|x64
		{E819D6D9-0F35-4EE3-8ED3-B7C1629C4088}.Debug|x64.Deploy.0 = Debug|x64
		{E819D6D9-0F35-4EE3-8ED3-B7C1629C4088}.Debug|x86.ActiveCfg = Debug|x86
		{E819D6D9-0F35-4EE3-8ED3-B7C1629C4088}.Debug|x86.Build.0 = Debug|x86
		{E819D6D9-0F35-4EE3-8ED3-B7C1629C4088}.Debug|x86.Deploy.0 = Debug|x86
		{E819D6D9-0F35-4EE3-8ED3-B7C1629C4088}.Release|ARM.ActiveCfg = Release|ARM
		{E819D6D9-0F35-4EE3-8ED3-B7C1629C4088}.Release|ARM.Build.0 = Release|ARM
		{E819D6D9-0F35-4EE3-8ED3-B7C1629C4088}.Release|ARM.Deploy.0 = Release|ARM
		{E819D6D9-0F35-4EE3-8ED3-B7C1629C4088}.Release|x64.ActiveCfg = Release|x64
		{E819D6D9-0F35-4EE3-8ED3-B7C1629C4088}.Release|x64.Build.0 = Release|x64
		{E819D6D9-0F35-4EE3-8ED3-B7C1629C4088}.Release|x64.Deploy.0 = Release|x64
		{E819D6D9-0F35-4EE3-8ED3-B7C1629C4088}.Release|x86.ActiveCfg = Release|x86
		{E819D6D9-0F35-4EE3-8ED3-B7C1629C4088}.Release|x86.Build.0 = Release|x86
		{E819D6D9-0F35-4EE3-8ED3-B7C1629C4088}.Release|x86.Deploy.0 = Release|x86
		{2F300818-6685-4DF7-9892-1DED7B9B545E}.Debug|ARM.ActiveCfg = Debug|ARM
		{2F300818-6685-4DF7-9892-1DED7B9B545E}.Debug|ARM.Build.0 = Debug|ARM
		{2F300818-6685-4DF7-9892-1DED7B9B545E}.Debug|ARM.Deploy.0 = Debug|ARM
		{2F300818-6685-4DF7-9892-1DED7B9B545E}.Debug|x64.ActiveCfg = Debug|x64
		{2F300818-6685-4DF7-9892-1DED7B9B545E}.Debug|x64.Build.0 = Debug|x64
		{2F300818-6685-4DF7-9892-1DED7B9B545E}.Debug|x64.Deploy.0 = Debug|x64
		{2F300818-6685-4DF7-9892-1DED7B9B545E}.Debug|x86.ActiveCfg = Debug|x86
		{2F300818-6685-4DF7-9892-1DED7B9B545E}.Debug|x86.Build.0 = Debug|x86
		{2F300818-6685-4DF7-9892-1DED7B9B545E}.Debug|x86.Deploy.0 = Debug|x86
		{2F300818-6685-4DF7-9892-1DED7B9B545E}.Release|ARM.ActiveCfg = Release|ARM
		{2F300818-6685-4DF7-9892-1DED7B9B545E}.Release|ARM.Build.0 = Release|ARM
		{2F300818-6685-4DF7-9892-1DED7B9B545E}.Release|ARM.Deploy.0 = Release|ARM
		{2F300818-6685-4DF7-9892-1DED7B9B545E}.Release|x64.ActiveCfg = Release|x64
		{2F300818-6685-4DF7-9892-1DED7B9B545E}.Release|x64.Build.0 = Release|x64
		{2F300818-6685-4DF7-9892-1DED7B9B545E}.Release|x64.Deploy.0 = Release|x64
		{2F300818-6685-4DF7-9892-1DED7B9B545E}.Release|x86.ActiveCfg = Release|x86
		{2F300818-6685-4DF7-9892-1DED7B9B545E}.Release|x86.Build.0 = Release|x86
		{2F300818-6685-4DF7-9892-1DED7B9B545E}.Release|x86.Deploy.0 = Release|x86
	EndGlobalSection
	GlobalSection(SolutionProperties) = preSolution
		HideSolutionNode = FALSE
	EndGlobalSection
EndGlobal
